
Microsoft Visual Studio Solution File, Format Version 12.00
# Visual Studio Version 17
VisualStudioVersion = 17.3.32901.215
MinimumVisualStudioVersion = 10.0.40219.1
Project("{FAE04EC0-301F-11D3-BF4B-00C04F79EFBC}") = "BookStore", "BookStore\BookStore.csproj", "{FD891330-0BDB-42DF-AB3D-4ED582B20A1A}"
EndProject
Project("{FAE04EC0-301F-11D3-BF4B-00C04F79EFBC}") = "Model", "Model\Model.csproj", "{06812A4F-873A-4AE1-B504-C1447EB5E297}"
EndProject
Project("{FAE04EC0-301F-11D3-BF4B-00C04F79EFBC}") = "Common", "Common\Common.csproj", "{4245EFB1-8473-4DE9-B63E-DBA1273CAC12}"
EndProject
Global
	GlobalSection(SolutionConfigurationPlatforms) = preSolution
		Debug|Any CPU = Debug|Any CPU
		Release|Any CPU = Release|Any CPU
	EndGlobalSection
	GlobalSection(ProjectConfigurationPlatforms) = postSolution
		{FD891330-0BDB-42DF-AB3D-4ED582B20A1A}.Debug|Any CPU.ActiveCfg = Debug|Any CPU
		{FD891330-0BDB-42DF-AB3D-4ED582B20A1A}.Debug|Any CPU.Build.0 = Debug|Any CPU
		{FD891330-0BDB-42DF-AB3D-4ED582B20A1A}.Release|Any CPU.ActiveCfg = Release|Any CPU
		{FD891330-0BDB-42DF-AB3D-4ED582B20A1A}.Release|Any CPU.Build.0 = Release|Any CPU
		{06812A4F-873A-4AE1-B504-C1447EB5E297}.Debug|Any CPU.ActiveCfg = Debug|Any CPU
		{06812A4F-873A-4AE1-B504-C1447EB5E297}.Debug|Any CPU.Build.0 = Debug|Any CPU
		{06812A4F-873A-4AE1-B504-C1447EB5E297}.Release|Any CPU.ActiveCfg = Release|Any CPU
		{06812A4F-873A-4AE1-B504-C1447EB5E297}.Release|Any CPU.Build.0 = Release|Any CPU
		{4245EFB1-8473-4DE9-B63E-DBA1273CAC12}.Debug|Any CPU.ActiveCfg = Debug|Any CPU
		{4245EFB1-8473-4DE9-B63E-DBA1273CAC12}.Debug|Any CPU.Build.0 = Debug|Any CPU
		{4245EFB1-8473-4DE9-B63E-DBA1273CAC12}.Release|Any CPU.ActiveCfg = Release|Any CPU
		{4245EFB1-8473-4DE9-B63E-DBA1273CAC12}.Release|Any CPU.Build.0 = Release|Any CPU
	EndGlobalSection
	GlobalSection(SolutionProperties) = preSolution
		HideSolutionNode = FALSE
	EndGlobalSection
	GlobalSection(ExtensibilityGlobals) = postSolution
		SolutionGuid = {C06AA327-F122-4C7C-ABCA-33620D3F4EA6}
	EndGlobalSection
EndGlobal
